// !$*UTF8*$!
{
	archiveVersion = 1;
	classes = {
	};
	objectVersion = 50;
	objects = {

/* Begin PBXBuildFile section */
		7F6D97A721A87A9E00216E66 /* Notes in Resources */ = {isa = PBXBuildFile; fileRef = 7F6D97A621A87A9E00216E66 /* Notes */; };
		7F98E67C21A5E09600C7448A /* Effect.swift in Sources */ = {isa = PBXBuildFile; fileRef = 7F98E67B21A5E09600C7448A /* Effect.swift */; };
		FA029DF221A067F70012B62B /* ItemWithStats.swift in Sources */ = {isa = PBXBuildFile; fileRef = FA029DF121A067F70012B62B /* ItemWithStats.swift */; };
		FA029DF421A07C320012B62B /* Warrior.swift in Sources */ = {isa = PBXBuildFile; fileRef = FA029DF321A07C320012B62B /* Warrior.swift */; };
		FA029DF621A07C3E0012B62B /* Mage.swift in Sources */ = {isa = PBXBuildFile; fileRef = FA029DF521A07C3E0012B62B /* Mage.swift */; };
		FA029DF821A07C480012B62B /* Ranger.swift in Sources */ = {isa = PBXBuildFile; fileRef = FA029DF721A07C480012B62B /* Ranger.swift */; };
		FA029DFC21A0819A0012B62B /* Repo.swift in Sources */ = {isa = PBXBuildFile; fileRef = FA029DFB21A0819A0012B62B /* Repo.swift */; };
		FA029DFE21A088400012B62B /* Sword.swift in Sources */ = {isa = PBXBuildFile; fileRef = FA029DFD21A088400012B62B /* Sword.swift */; };
		FA029E0021A089A80012B62B /* Bow.swift in Sources */ = {isa = PBXBuildFile; fileRef = FA029DFF21A089A80012B62B /* Bow.swift */; };
		FA029E0221A08A110012B62B /* Staff.swift in Sources */ = {isa = PBXBuildFile; fileRef = FA029E0121A08A110012B62B /* Staff.swift */; };
		FA02D57F219F6FCC00DA7419 /* AppDelegate.swift in Sources */ = {isa = PBXBuildFile; fileRef = FA02D57E219F6FCC00DA7419 /* AppDelegate.swift */; };
		FA02D581219F6FCC00DA7419 /* ViewController.swift in Sources */ = {isa = PBXBuildFile; fileRef = FA02D580219F6FCC00DA7419 /* ViewController.swift */; };
		FA02D584219F6FCC00DA7419 /* Main.storyboard in Resources */ = {isa = PBXBuildFile; fileRef = FA02D582219F6FCC00DA7419 /* Main.storyboard */; };
		FA02D586219F6FCF00DA7419 /* Assets.xcassets in Resources */ = {isa = PBXBuildFile; fileRef = FA02D585219F6FCF00DA7419 /* Assets.xcassets */; };
		FA02D589219F6FCF00DA7419 /* LaunchScreen.storyboard in Resources */ = {isa = PBXBuildFile; fileRef = FA02D587219F6FCF00DA7419 /* LaunchScreen.storyboard */; };
		FA02D594219F6FCF00DA7419 /* Deep_Dungeons_of_DoomTests.swift in Sources */ = {isa = PBXBuildFile; fileRef = FA02D593219F6FCF00DA7419 /* Deep_Dungeons_of_DoomTests.swift */; };
		FA02D59F219F6FCF00DA7419 /* Deep_Dungeons_of_DoomUITests.swift in Sources */ = {isa = PBXBuildFile; fileRef = FA02D59E219F6FCF00DA7419 /* Deep_Dungeons_of_DoomUITests.swift */; };
		FA02D5AD219F703000DA7419 /* Item.swift in Sources */ = {isa = PBXBuildFile; fileRef = FA02D5AC219F703000DA7419 /* Item.swift */; };
		FA02D5B0219F706500DA7419 /* Hero.swift in Sources */ = {isa = PBXBuildFile; fileRef = FA02D5AF219F706500DA7419 /* Hero.swift */; };
		FA02D5B2219F707600DA7419 /* Weapon.swift in Sources */ = {isa = PBXBuildFile; fileRef = FA02D5B1219F707600DA7419 /* Weapon.swift */; };
		FA02D5B4219F707F00DA7419 /* Armor.swift in Sources */ = {isa = PBXBuildFile; fileRef = FA02D5B3219F707F00DA7419 /* Armor.swift */; };
		FA02D5B6219F708A00DA7419 /* Trinket.swift in Sources */ = {isa = PBXBuildFile; fileRef = FA02D5B5219F708A00DA7419 /* Trinket.swift */; };
		FA02D5B8219F709B00DA7419 /* Helmet.swift in Sources */ = {isa = PBXBuildFile; fileRef = FA02D5B7219F709B00DA7419 /* Helmet.swift */; };
		FA02D5BA219F70BD00DA7419 /* Cuirass.swift in Sources */ = {isa = PBXBuildFile; fileRef = FA02D5B9219F70BD00DA7419 /* Cuirass.swift */; };
		FA02D5BC219F70C700DA7419 /* Boots.swift in Sources */ = {isa = PBXBuildFile; fileRef = FA02D5BB219F70C700DA7419 /* Boots.swift */; };
		FA02D5BE219F70D100DA7419 /* Consumable.swift in Sources */ = {isa = PBXBuildFile; fileRef = FA02D5BD219F70D100DA7419 /* Consumable.swift */; };
		FA02D5C0219F70E400DA7419 /* OffHand.swift in Sources */ = {isa = PBXBuildFile; fileRef = FA02D5BF219F70E400DA7419 /* OffHand.swift */; };
		FA02D5C2219F71E100DA7419 /* Inventory.swift in Sources */ = {isa = PBXBuildFile; fileRef = FA02D5C1219F71E100DA7419 /* Inventory.swift */; };
/* End PBXBuildFile section */

/* Begin PBXContainerItemProxy section */
		FA02D590219F6FCF00DA7419 /* PBXContainerItemProxy */ = {
			isa = PBXContainerItemProxy;
			containerPortal = FA02D573219F6FCC00DA7419 /* Project object */;
			proxyType = 1;
			remoteGlobalIDString = FA02D57A219F6FCC00DA7419;
			remoteInfo = "Deep Dungeons of Doom";
		};
		FA02D59B219F6FCF00DA7419 /* PBXContainerItemProxy */ = {
			isa = PBXContainerItemProxy;
			containerPortal = FA02D573219F6FCC00DA7419 /* Project object */;
			proxyType = 1;
			remoteGlobalIDString = FA02D57A219F6FCC00DA7419;
			remoteInfo = "Deep Dungeons of Doom";
		};
/* End PBXContainerItemProxy section */

/* Begin PBXFileReference section */
		7F6D97A621A87A9E00216E66 /* Notes */ = {isa = PBXFileReference; lastKnownFileType = text; path = Notes; sourceTree = "<group>"; };
		7F98E67B21A5E09600C7448A /* Effect.swift */ = {isa = PBXFileReference; lastKnownFileType = sourcecode.swift; path = Effect.swift; sourceTree = "<group>"; };
		FA029DF121A067F70012B62B /* ItemWithStats.swift */ = {isa = PBXFileReference; lastKnownFileType = sourcecode.swift; path = ItemWithStats.swift; sourceTree = "<group>"; };
		FA029DF321A07C320012B62B /* Warrior.swift */ = {isa = PBXFileReference; lastKnownFileType = sourcecode.swift; path = Warrior.swift; sourceTree = "<group>"; };
		FA029DF521A07C3E0012B62B /* Mage.swift */ = {isa = PBXFileReference; lastKnownFileType = sourcecode.swift; path = Mage.swift; sourceTree = "<group>"; };
		FA029DF721A07C480012B62B /* Ranger.swift */ = {isa = PBXFileReference; lastKnownFileType = sourcecode.swift; path = Ranger.swift; sourceTree = "<group>"; };
		FA029DFB21A0819A0012B62B /* Repo.swift */ = {isa = PBXFileReference; lastKnownFileType = sourcecode.swift; path = Repo.swift; sourceTree = "<group>"; };
		FA029DFD21A088400012B62B /* Sword.swift */ = {isa = PBXFileReference; lastKnownFileType = sourcecode.swift; path = Sword.swift; sourceTree = "<group>"; };
		FA029DFF21A089A80012B62B /* Bow.swift */ = {isa = PBXFileReference; lastKnownFileType = sourcecode.swift; path = Bow.swift; sourceTree = "<group>"; };
		FA029E0121A08A110012B62B /* Staff.swift */ = {isa = PBXFileReference; lastKnownFileType = sourcecode.swift; path = Staff.swift; sourceTree = "<group>"; };
		FA02D57B219F6FCC00DA7419 /* Deep Dungeons of Doom.app */ = {isa = PBXFileReference; explicitFileType = wrapper.application; includeInIndex = 0; path = "Deep Dungeons of Doom.app"; sourceTree = BUILT_PRODUCTS_DIR; };
		FA02D57E219F6FCC00DA7419 /* AppDelegate.swift */ = {isa = PBXFileReference; lastKnownFileType = sourcecode.swift; path = AppDelegate.swift; sourceTree = "<group>"; };
		FA02D580219F6FCC00DA7419 /* ViewController.swift */ = {isa = PBXFileReference; lastKnownFileType = sourcecode.swift; path = ViewController.swift; sourceTree = "<group>"; };
		FA02D583219F6FCC00DA7419 /* Base */ = {isa = PBXFileReference; lastKnownFileType = file.storyboard; name = Base; path = Base.lproj/Main.storyboard; sourceTree = "<group>"; };
		FA02D585219F6FCF00DA7419 /* Assets.xcassets */ = {isa = PBXFileReference; lastKnownFileType = folder.assetcatalog; path = Assets.xcassets; sourceTree = "<group>"; };
		FA02D588219F6FCF00DA7419 /* Base */ = {isa = PBXFileReference; lastKnownFileType = file.storyboard; name = Base; path = Base.lproj/LaunchScreen.storyboard; sourceTree = "<group>"; };
		FA02D58A219F6FCF00DA7419 /* Info.plist */ = {isa = PBXFileReference; lastKnownFileType = text.plist.xml; path = Info.plist; sourceTree = "<group>"; };
		FA02D58F219F6FCF00DA7419 /* Deep Dungeons of DoomTests.xctest */ = {isa = PBXFileReference; explicitFileType = wrapper.cfbundle; includeInIndex = 0; path = "Deep Dungeons of DoomTests.xctest"; sourceTree = BUILT_PRODUCTS_DIR; };
		FA02D593219F6FCF00DA7419 /* Deep_Dungeons_of_DoomTests.swift */ = {isa = PBXFileReference; lastKnownFileType = sourcecode.swift; path = Deep_Dungeons_of_DoomTests.swift; sourceTree = "<group>"; };
		FA02D595219F6FCF00DA7419 /* Info.plist */ = {isa = PBXFileReference; lastKnownFileType = text.plist.xml; path = Info.plist; sourceTree = "<group>"; };
		FA02D59A219F6FCF00DA7419 /* Deep Dungeons of DoomUITests.xctest */ = {isa = PBXFileReference; explicitFileType = wrapper.cfbundle; includeInIndex = 0; path = "Deep Dungeons of DoomUITests.xctest"; sourceTree = BUILT_PRODUCTS_DIR; };
		FA02D59E219F6FCF00DA7419 /* Deep_Dungeons_of_DoomUITests.swift */ = {isa = PBXFileReference; lastKnownFileType = sourcecode.swift; path = Deep_Dungeons_of_DoomUITests.swift; sourceTree = "<group>"; };
		FA02D5A0219F6FCF00DA7419 /* Info.plist */ = {isa = PBXFileReference; lastKnownFileType = text.plist.xml; path = Info.plist; sourceTree = "<group>"; };
		FA02D5AC219F703000DA7419 /* Item.swift */ = {isa = PBXFileReference; lastKnownFileType = sourcecode.swift; path = Item.swift; sourceTree = "<group>"; };
		FA02D5AF219F706500DA7419 /* Hero.swift */ = {isa = PBXFileReference; lastKnownFileType = sourcecode.swift; path = Hero.swift; sourceTree = "<group>"; };
		FA02D5B1219F707600DA7419 /* Weapon.swift */ = {isa = PBXFileReference; lastKnownFileType = sourcecode.swift; path = Weapon.swift; sourceTree = "<group>"; };
		FA02D5B3219F707F00DA7419 /* Armor.swift */ = {isa = PBXFileReference; lastKnownFileType = sourcecode.swift; path = Armor.swift; sourceTree = "<group>"; };
		FA02D5B5219F708A00DA7419 /* Trinket.swift */ = {isa = PBXFileReference; lastKnownFileType = sourcecode.swift; path = Trinket.swift; sourceTree = "<group>"; };
		FA02D5B7219F709B00DA7419 /* Helmet.swift */ = {isa = PBXFileReference; lastKnownFileType = sourcecode.swift; path = Helmet.swift; sourceTree = "<group>"; };
		FA02D5B9219F70BD00DA7419 /* Cuirass.swift */ = {isa = PBXFileReference; lastKnownFileType = sourcecode.swift; path = Cuirass.swift; sourceTree = "<group>"; };
		FA02D5BB219F70C700DA7419 /* Boots.swift */ = {isa = PBXFileReference; lastKnownFileType = sourcecode.swift; path = Boots.swift; sourceTree = "<group>"; };
		FA02D5BD219F70D100DA7419 /* Consumable.swift */ = {isa = PBXFileReference; lastKnownFileType = sourcecode.swift; path = Consumable.swift; sourceTree = "<group>"; };
		FA02D5BF219F70E400DA7419 /* OffHand.swift */ = {isa = PBXFileReference; lastKnownFileType = sourcecode.swift; path = OffHand.swift; sourceTree = "<group>"; };
		FA02D5C1219F71E100DA7419 /* Inventory.swift */ = {isa = PBXFileReference; lastKnownFileType = sourcecode.swift; path = Inventory.swift; sourceTree = "<group>"; };
/* End PBXFileReference section */

/* Begin PBXFrameworksBuildPhase section */
		FA02D578219F6FCC00DA7419 /* Frameworks */ = {
			isa = PBXFrameworksBuildPhase;
			buildActionMask = 2147483647;
			files = (
			);
			runOnlyForDeploymentPostprocessing = 0;
		};
		FA02D58C219F6FCF00DA7419 /* Frameworks */ = {
			isa = PBXFrameworksBuildPhase;
			buildActionMask = 2147483647;
			files = (
			);
			runOnlyForDeploymentPostprocessing = 0;
		};
		FA02D597219F6FCF00DA7419 /* Frameworks */ = {
			isa = PBXFrameworksBuildPhase;
			buildActionMask = 2147483647;
			files = (
			);
			runOnlyForDeploymentPostprocessing = 0;
		};
/* End PBXFrameworksBuildPhase section */

/* Begin PBXGroup section */
		7F98E67621A5DE7D00C7448A /* Items */ = {
			isa = PBXGroup;
			children = (
				FA02D5AC219F703000DA7419 /* Item.swift */,
				FA029DF121A067F70012B62B /* ItemWithStats.swift */,
				7F98E67721A5DF0500C7448A /* Armors */,
				7F98E67821A5DFB600C7448A /* Weapon */,
				7F98E67921A5DFDD00C7448A /* Others */,
			);
			path = Items;
			sourceTree = "<group>";
		};
		7F98E67721A5DF0500C7448A /* Armors */ = {
			isa = PBXGroup;
			children = (
				FA02D5B3219F707F00DA7419 /* Armor.swift */,
				FA02D5B7219F709B00DA7419 /* Helmet.swift */,
				FA02D5B9219F70BD00DA7419 /* Cuirass.swift */,
				FA02D5BB219F70C700DA7419 /* Boots.swift */,
			);
			path = Armors;
			sourceTree = "<group>";
		};
		7F98E67821A5DFB600C7448A /* Weapon */ = {
			isa = PBXGroup;
			children = (
				FA02D5B1219F707600DA7419 /* Weapon.swift */,
				FA029DFD21A088400012B62B /* Sword.swift */,
				FA029DFF21A089A80012B62B /* Bow.swift */,
				FA029E0121A08A110012B62B /* Staff.swift */,
			);
			path = Weapon;
			sourceTree = "<group>";
		};
		7F98E67921A5DFDD00C7448A /* Others */ = {
			isa = PBXGroup;
			children = (
				FA02D5B5219F708A00DA7419 /* Trinket.swift */,
				FA02D5BD219F70D100DA7419 /* Consumable.swift */,
				FA02D5BF219F70E400DA7419 /* OffHand.swift */,
			);
			path = Others;
			sourceTree = "<group>";
		};
		7F98E67A21A5E00700C7448A /* Heroes */ = {
			isa = PBXGroup;
			children = (
				FA02D5AF219F706500DA7419 /* Hero.swift */,
				FA029DF321A07C320012B62B /* Warrior.swift */,
				FA029DF521A07C3E0012B62B /* Mage.swift */,
				FA029DF721A07C480012B62B /* Ranger.swift */,
			);
			path = Heroes;
			sourceTree = "<group>";
		};
		FA02D572219F6FCC00DA7419 = {
			isa = PBXGroup;
			children = (
				FA02D57D219F6FCC00DA7419 /* Deep Dungeons of Doom */,
				FA02D592219F6FCF00DA7419 /* Deep Dungeons of DoomTests */,
				FA02D59D219F6FCF00DA7419 /* Deep Dungeons of DoomUITests */,
				FA02D57C219F6FCC00DA7419 /* Products */,
			);
			sourceTree = "<group>";
		};
		FA02D57C219F6FCC00DA7419 /* Products */ = {
			isa = PBXGroup;
			children = (
				FA02D57B219F6FCC00DA7419 /* Deep Dungeons of Doom.app */,
				FA02D58F219F6FCF00DA7419 /* Deep Dungeons of DoomTests.xctest */,
				FA02D59A219F6FCF00DA7419 /* Deep Dungeons of DoomUITests.xctest */,
			);
			name = Products;
			sourceTree = "<group>";
		};
		FA02D57D219F6FCC00DA7419 /* Deep Dungeons of Doom */ = {
			isa = PBXGroup;
			children = (
				FA029DFB21A0819A0012B62B /* Repo.swift */,
				FA02D5AE219F703A00DA7419 /* Model */,
				FA02D57E219F6FCC00DA7419 /* AppDelegate.swift */,
				FA02D580219F6FCC00DA7419 /* ViewController.swift */,
				FA02D582219F6FCC00DA7419 /* Main.storyboard */,
				FA02D585219F6FCF00DA7419 /* Assets.xcassets */,
				FA02D587219F6FCF00DA7419 /* LaunchScreen.storyboard */,
				FA02D58A219F6FCF00DA7419 /* Info.plist */,
				7F6D97A621A87A9E00216E66 /* Notes */,
			);
			path = "Deep Dungeons of Doom";
			sourceTree = "<group>";
		};
		FA02D592219F6FCF00DA7419 /* Deep Dungeons of DoomTests */ = {
			isa = PBXGroup;
			children = (
				FA02D593219F6FCF00DA7419 /* Deep_Dungeons_of_DoomTests.swift */,
				FA02D595219F6FCF00DA7419 /* Info.plist */,
			);
			path = "Deep Dungeons of DoomTests";
			sourceTree = "<group>";
		};
		FA02D59D219F6FCF00DA7419 /* Deep Dungeons of DoomUITests */ = {
			isa = PBXGroup;
			children = (
				FA02D59E219F6FCF00DA7419 /* Deep_Dungeons_of_DoomUITests.swift */,
				FA02D5A0219F6FCF00DA7419 /* Info.plist */,
			);
			path = "Deep Dungeons of DoomUITests";
			sourceTree = "<group>";
		};
		FA02D5AE219F703A00DA7419 /* Model */ = {
			isa = PBXGroup;
			children = (
				7F98E67A21A5E00700C7448A /* Heroes */,
				7F98E67621A5DE7D00C7448A /* Items */,
				FA02D5C1219F71E100DA7419 /* Inventory.swift */,
				7F98E67B21A5E09600C7448A /* Effect.swift */,
			);
			path = Model;
			sourceTree = "<group>";
		};
/* End PBXGroup section */

/* Begin PBXNativeTarget section */
		FA02D57A219F6FCC00DA7419 /* Deep Dungeons of Doom */ = {
			isa = PBXNativeTarget;
			buildConfigurationList = FA02D5A3219F6FCF00DA7419 /* Build configuration list for PBXNativeTarget "Deep Dungeons of Doom" */;
			buildPhases = (
				FA02D577219F6FCC00DA7419 /* Sources */,
				FA02D578219F6FCC00DA7419 /* Frameworks */,
				FA02D579219F6FCC00DA7419 /* Resources */,
			);
			buildRules = (
			);
			dependencies = (
			);
			name = "Deep Dungeons of Doom";
			productName = "Deep Dungeons of Doom";
			productReference = FA02D57B219F6FCC00DA7419 /* Deep Dungeons of Doom.app */;
			productType = "com.apple.product-type.application";
		};
		FA02D58E219F6FCF00DA7419 /* Deep Dungeons of DoomTests */ = {
			isa = PBXNativeTarget;
			buildConfigurationList = FA02D5A6219F6FCF00DA7419 /* Build configuration list for PBXNativeTarget "Deep Dungeons of DoomTests" */;
			buildPhases = (
				FA02D58B219F6FCF00DA7419 /* Sources */,
				FA02D58C219F6FCF00DA7419 /* Frameworks */,
				FA02D58D219F6FCF00DA7419 /* Resources */,
			);
			buildRules = (
			);
			dependencies = (
				FA02D591219F6FCF00DA7419 /* PBXTargetDependency */,
			);
			name = "Deep Dungeons of DoomTests";
			productName = "Deep Dungeons of DoomTests";
			productReference = FA02D58F219F6FCF00DA7419 /* Deep Dungeons of DoomTests.xctest */;
			productType = "com.apple.product-type.bundle.unit-test";
		};
		FA02D599219F6FCF00DA7419 /* Deep Dungeons of DoomUITests */ = {
			isa = PBXNativeTarget;
			buildConfigurationList = FA02D5A9219F6FCF00DA7419 /* Build configuration list for PBXNativeTarget "Deep Dungeons of DoomUITests" */;
			buildPhases = (
				FA02D596219F6FCF00DA7419 /* Sources */,
				FA02D597219F6FCF00DA7419 /* Frameworks */,
				FA02D598219F6FCF00DA7419 /* Resources */,
			);
			buildRules = (
			);
			dependencies = (
				FA02D59C219F6FCF00DA7419 /* PBXTargetDependency */,
			);
			name = "Deep Dungeons of DoomUITests";
			productName = "Deep Dungeons of DoomUITests";
			productReference = FA02D59A219F6FCF00DA7419 /* Deep Dungeons of DoomUITests.xctest */;
			productType = "com.apple.product-type.bundle.ui-testing";
		};
/* End PBXNativeTarget section */

/* Begin PBXProject section */
		FA02D573219F6FCC00DA7419 /* Project object */ = {
			isa = PBXProject;
			attributes = {
				LastSwiftUpdateCheck = 1010;
				LastUpgradeCheck = 1010;
				ORGANIZATIONNAME = Alex;
				TargetAttributes = {
					FA02D57A219F6FCC00DA7419 = {
						CreatedOnToolsVersion = 10.1;
					};
					FA02D58E219F6FCF00DA7419 = {
						CreatedOnToolsVersion = 10.1;
						TestTargetID = FA02D57A219F6FCC00DA7419;
					};
					FA02D599219F6FCF00DA7419 = {
						CreatedOnToolsVersion = 10.1;
						TestTargetID = FA02D57A219F6FCC00DA7419;
					};
				};
			};
			buildConfigurationList = FA02D576219F6FCC00DA7419 /* Build configuration list for PBXProject "Deep Dungeons of Doom" */;
			compatibilityVersion = "Xcode 9.3";
			developmentRegion = en;
			hasScannedForEncodings = 0;
			knownRegions = (
				en,
				Base,
			);
			mainGroup = FA02D572219F6FCC00DA7419;
			productRefGroup = FA02D57C219F6FCC00DA7419 /* Products */;
			projectDirPath = "";
			projectRoot = "";
			targets = (
				FA02D57A219F6FCC00DA7419 /* Deep Dungeons of Doom */,
				FA02D58E219F6FCF00DA7419 /* Deep Dungeons of DoomTests */,
				FA02D599219F6FCF00DA7419 /* Deep Dungeons of DoomUITests */,
			);
		};
/* End PBXProject section */

/* Begin PBXResourcesBuildPhase section */
		FA02D579219F6FCC00DA7419 /* Resources */ = {
			isa = PBXResourcesBuildPhase;
			buildActionMask = 2147483647;
			files = (
				FA02D589219F6FCF00DA7419 /* LaunchScreen.storyboard in Resources */,
				FA02D586219F6FCF00DA7419 /* Assets.xcassets in Resources */,
				7F6D97A721A87A9E00216E66 /* Notes in Resources */,
				FA02D584219F6FCC00DA7419 /* Main.storyboard in Resources */,
			);
			runOnlyForDeploymentPostprocessing = 0;
		};
		FA02D58D219F6FCF00DA7419 /* Resources */ = {
			isa = PBXResourcesBuildPhase;
			buildActionMask = 2147483647;
			files = (
			);
			runOnlyForDeploymentPostprocessing = 0;
		};
		FA02D598219F6FCF00DA7419 /* Resources */ = {
			isa = PBXResourcesBuildPhase;
			buildActionMask = 2147483647;
			files = (
			);
			runOnlyForDeploymentPostprocessing = 0;
		};
/* End PBXResourcesBuildPhase section */

/* Begin PBXSourcesBuildPhase section */
		FA02D577219F6FCC00DA7419 /* Sources */ = {
			isa = PBXSourcesBuildPhase;
			buildActionMask = 2147483647;
			files = (
				FA02D5B2219F707600DA7419 /* Weapon.swift in Sources */,
				FA02D5B6219F708A00DA7419 /* Trinket.swift in Sources */,
				FA029DFE21A088400012B62B /* Sword.swift in Sources */,
				FA02D581219F6FCC00DA7419 /* ViewController.swift in Sources */,
				FA029E0021A089A80012B62B /* Bow.swift in Sources */,
				FA029DFC21A0819A0012B62B /* Repo.swift in Sources */,
				FA029DF821A07C480012B62B /* Ranger.swift in Sources */,
				FA02D5C2219F71E100DA7419 /* Inventory.swift in Sources */,
				FA02D5BE219F70D100DA7419 /* Consumable.swift in Sources */,
				FA02D5BC219F70C700DA7419 /* Boots.swift in Sources */,
				7F98E67C21A5E09600C7448A /* Effect.swift in Sources */,
				FA029DF421A07C320012B62B /* Warrior.swift in Sources */,
				FA02D5AD219F703000DA7419 /* Item.swift in Sources */,
				FA029E0221A08A110012B62B /* Staff.swift in Sources */,
				FA02D5BA219F70BD00DA7419 /* Cuirass.swift in Sources */,
				FA02D5B4219F707F00DA7419 /* Armor.swift in Sources */,
				FA02D57F219F6FCC00DA7419 /* AppDelegate.swift in Sources */,
				FA029DF221A067F70012B62B /* ItemWithStats.swift in Sources */,
				FA02D5B8219F709B00DA7419 /* Helmet.swift in Sources */,
				FA02D5C0219F70E400DA7419 /* OffHand.swift in Sources */,
				FA02D5B0219F706500DA7419 /* Hero.swift in Sources */,
				FA029DF621A07C3E0012B62B /* Mage.swift in Sources */,
			);
			runOnlyForDeploymentPostprocessing = 0;
		};
		FA02D58B219F6FCF00DA7419 /* Sources */ = {
			isa = PBXSourcesBuildPhase;
			buildActionMask = 2147483647;
			files = (
				FA02D594219F6FCF00DA7419 /* Deep_Dungeons_of_DoomTests.swift in Sources */,
			);
			runOnlyForDeploymentPostprocessing = 0;
		};
		FA02D596219F6FCF00DA7419 /* Sources */ = {
			isa = PBXSourcesBuildPhase;
			buildActionMask = 2147483647;
			files = (
				FA02D59F219F6FCF00DA7419 /* Deep_Dungeons_of_DoomUITests.swift in Sources */,
			);
			runOnlyForDeploymentPostprocessing = 0;
		};
/* End PBXSourcesBuildPhase section */

/* Begin PBXTargetDependency section */
		FA02D591219F6FCF00DA7419 /* PBXTargetDependency */ = {
			isa = PBXTargetDependency;
			target = FA02D57A219F6FCC00DA7419 /* Deep Dungeons of Doom */;
			targetProxy = FA02D590219F6FCF00DA7419 /* PBXContainerItemProxy */;
		};
		FA02D59C219F6FCF00DA7419 /* PBXTargetDependency */ = {
			isa = PBXTargetDependency;
			target = FA02D57A219F6FCC00DA7419 /* Deep Dungeons of Doom */;
			targetProxy = FA02D59B219F6FCF00DA7419 /* PBXContainerItemProxy */;
		};
/* End PBXTargetDependency section */

/* Begin PBXVariantGroup section */
		FA02D582219F6FCC00DA7419 /* Main.storyboard */ = {
			isa = PBXVariantGroup;
			children = (
				FA02D583219F6FCC00DA7419 /* Base */,
			);
			name = Main.storyboard;
			sourceTree = "<group>";
		};
		FA02D587219F6FCF00DA7419 /* LaunchScreen.storyboard */ = {
			isa = PBXVariantGroup;
			children = (
				FA02D588219F6FCF00DA7419 /* Base */,
			);
			name = LaunchScreen.storyboard;
			sourceTree = "<group>";
		};
/* End PBXVariantGroup section */

/* Begin XCBuildConfiguration section */
		FA02D5A1219F6FCF00DA7419 /* Debug */ = {
			isa = XCBuildConfiguration;
			buildSettings = {
				ALWAYS_SEARCH_USER_PATHS = NO;
				CLANG_ANALYZER_NONNULL = YES;
				CLANG_ANALYZER_NUMBER_OBJECT_CONVERSION = YES_AGGRESSIVE;
				CLANG_CXX_LANGUAGE_STANDARD = "gnu++14";
				CLANG_CXX_LIBRARY = "libc++";
				CLANG_ENABLE_MODULES = YES;
				CLANG_ENABLE_OBJC_ARC = YES;
				CLANG_ENABLE_OBJC_WEAK = YES;
				CLANG_WARN_BLOCK_CAPTURE_AUTORELEASING = YES;
				CLANG_WARN_BOOL_CONVERSION = YES;
				CLANG_WARN_COMMA = YES;
				CLANG_WARN_CONSTANT_CONVERSION = YES;
				CLANG_WARN_DEPRECATED_OBJC_IMPLEMENTATIONS = YES;
				CLANG_WARN_DIRECT_OBJC_ISA_USAGE = YES_ERROR;
				CLANG_WARN_DOCUMENTATION_COMMENTS = YES;
				CLANG_WARN_EMPTY_BODY = YES;
				CLANG_WARN_ENUM_CONVERSION = YES;
				CLANG_WARN_INFINITE_RECURSION = YES;
				CLANG_WARN_INT_CONVERSION = YES;
				CLANG_WARN_NON_LITERAL_NULL_CONVERSION = YES;
				CLANG_WARN_OBJC_IMPLICIT_RETAIN_SELF = YES;
				CLANG_WARN_OBJC_LITERAL_CONVERSION = YES;
				CLANG_WARN_OBJC_ROOT_CLASS = YES_ERROR;
				CLANG_WARN_RANGE_LOOP_ANALYSIS = YES;
				CLANG_WARN_STRICT_PROTOTYPES = YES;
				CLANG_WARN_SUSPICIOUS_MOVE = YES;
				CLANG_WARN_UNGUARDED_AVAILABILITY = YES_AGGRESSIVE;
				CLANG_WARN_UNREACHABLE_CODE = YES;
				CLANG_WARN__DUPLICATE_METHOD_MATCH = YES;
				CODE_SIGN_IDENTITY = "iPhone Developer";
				COPY_PHASE_STRIP = NO;
				DEBUG_INFORMATION_FORMAT = dwarf;
				ENABLE_STRICT_OBJC_MSGSEND = YES;
				ENABLE_TESTABILITY = YES;
				GCC_C_LANGUAGE_STANDARD = gnu11;
				GCC_DYNAMIC_NO_PIC = NO;
				GCC_NO_COMMON_BLOCKS = YES;
				GCC_OPTIMIZATION_LEVEL = 0;
				GCC_PREPROCESSOR_DEFINITIONS = (
					"DEBUG=1",
					"$(inherited)",
				);
				GCC_WARN_64_TO_32_BIT_CONVERSION = YES;
				GCC_WARN_ABOUT_RETURN_TYPE = YES_ERROR;
				GCC_WARN_UNDECLARED_SELECTOR = YES;
				GCC_WARN_UNINITIALIZED_AUTOS = YES_AGGRESSIVE;
				GCC_WARN_UNUSED_FUNCTION = YES;
				GCC_WARN_UNUSED_VARIABLE = YES;
				IPHONEOS_DEPLOYMENT_TARGET = 12.1;
				MTL_ENABLE_DEBUG_INFO = INCLUDE_SOURCE;
				MTL_FAST_MATH = YES;
				ONLY_ACTIVE_ARCH = YES;
				SDKROOT = iphoneos;
				SWIFT_ACTIVE_COMPILATION_CONDITIONS = DEBUG;
				SWIFT_OPTIMIZATION_LEVEL = "-Onone";
			};
			name = Debug;
		};
		FA02D5A2219F6FCF00DA7419 /* Release */ = {
			isa = XCBuildConfiguration;
			buildSettings = {
				ALWAYS_SEARCH_USER_PATHS = NO;
				CLANG_ANALYZER_NONNULL = YES;
				CLANG_ANALYZER_NUMBER_OBJECT_CONVERSION = YES_AGGRESSIVE;
				CLANG_CXX_LANGUAGE_STANDARD = "gnu++14";
				CLANG_CXX_LIBRARY = "libc++";
				CLANG_ENABLE_MODULES = YES;
				CLANG_ENABLE_OBJC_ARC = YES;
				CLANG_ENABLE_OBJC_WEAK = YES;
				CLANG_WARN_BLOCK_CAPTURE_AUTORELEASING = YES;
				CLANG_WARN_BOOL_CONVERSION = YES;
				CLANG_WARN_COMMA = YES;
				CLANG_WARN_CONSTANT_CONVERSION = YES;
				CLANG_WARN_DEPRECATED_OBJC_IMPLEMENTATIONS = YES;
				CLANG_WARN_DIRECT_OBJC_ISA_USAGE = YES_ERROR;
				CLANG_WARN_DOCUMENTATION_COMMENTS = YES;
				CLANG_WARN_EMPTY_BODY = YES;
				CLANG_WARN_ENUM_CONVERSION = YES;
				CLANG_WARN_INFINITE_RECURSION = YES;
				CLANG_WARN_INT_CONVERSION = YES;
				CLANG_WARN_NON_LITERAL_NULL_CONVERSION = YES;
				CLANG_WARN_OBJC_IMPLICIT_RETAIN_SELF = YES;
				CLANG_WARN_OBJC_LITERAL_CONVERSION = YES;
				CLANG_WARN_OBJC_ROOT_CLASS = YES_ERROR;
				CLANG_WARN_RANGE_LOOP_ANALYSIS = YES;
				CLANG_WARN_STRICT_PROTOTYPES = YES;
				CLANG_WARN_SUSPICIOUS_MOVE = YES;
				CLANG_WARN_UNGUARDED_AVAILABILITY = YES_AGGRESSIVE;
				CLANG_WARN_UNREACHABLE_CODE = YES;
				CLANG_WARN__DUPLICATE_METHOD_MATCH = YES;
				CODE_SIGN_IDENTITY = "iPhone Developer";
				COPY_PHASE_STRIP = NO;
				DEBUG_INFORMATION_FORMAT = "dwarf-with-dsym";
				ENABLE_NS_ASSERTIONS = NO;
				ENABLE_STRICT_OBJC_MSGSEND = YES;
				GCC_C_LANGUAGE_STANDARD = gnu11;
				GCC_NO_COMMON_BLOCKS = YES;
				GCC_WARN_64_TO_32_BIT_CONVERSION = YES;
				GCC_WARN_ABOUT_RETURN_TYPE = YES_ERROR;
				GCC_WARN_UNDECLARED_SELECTOR = YES;
				GCC_WARN_UNINITIALIZED_AUTOS = YES_AGGRESSIVE;
				GCC_WARN_UNUSED_FUNCTION = YES;
				GCC_WARN_UNUSED_VARIABLE = YES;
				IPHONEOS_DEPLOYMENT_TARGET = 12.1;
				MTL_ENABLE_DEBUG_INFO = NO;
				MTL_FAST_MATH = YES;
				SDKROOT = iphoneos;
				SWIFT_COMPILATION_MODE = wholemodule;
				SWIFT_OPTIMIZATION_LEVEL = "-O";
				VALIDATE_PRODUCT = YES;
			};
			name = Release;
		};
		FA02D5A4219F6FCF00DA7419 /* Debug */ = {
			isa = XCBuildConfiguration;
			buildSettings = {
				ASSETCATALOG_COMPILER_APPICON_NAME = AppIcon;
				CODE_SIGN_STYLE = Automatic;
				INFOPLIST_FILE = "Deep Dungeons of Doom/Info.plist";
				LD_RUNPATH_SEARCH_PATHS = (
					"$(inherited)",
					"@executable_path/Frameworks",
				);
				PRODUCT_BUNDLE_IDENTIFIER = "acuevas.Deep-Dungeons-of-Doom";
				PRODUCT_NAME = "$(TARGET_NAME)";
				SWIFT_VERSION = 4.2;
				TARGETED_DEVICE_FAMILY = "1,2";
			};
			name = Debug;
		};
		FA02D5A5219F6FCF00DA7419 /* Release */ = {
			isa = XCBuildConfiguration;
			buildSettings = {
				ASSETCATALOG_COMPILER_APPICON_NAME = AppIcon;
				CODE_SIGN_STYLE = Automatic;
				INFOPLIST_FILE = "Deep Dungeons of Doom/Info.plist";
				LD_RUNPATH_SEARCH_PATHS = (
					"$(inherited)",
					"@executable_path/Frameworks",
				);
				PRODUCT_BUNDLE_IDENTIFIER = "acuevas.Deep-Dungeons-of-Doom";
				PRODUCT_NAME = "$(TARGET_NAME)";
				SWIFT_VERSION = 4.2;
				TARGETED_DEVICE_FAMILY = "1,2";
			};
			name = Release;
		};
		FA02D5A7219F6FCF00DA7419 /* Debug */ = {
			isa = XCBuildConfiguration;
			buildSettings = {
				ALWAYS_EMBED_SWIFT_STANDARD_LIBRARIES = YES;
				BUNDLE_LOADER = "$(TEST_HOST)";
				CODE_SIGN_STYLE = Automatic;
				INFOPLIST_FILE = "Deep Dungeons of DoomTests/Info.plist";
				LD_RUNPATH_SEARCH_PATHS = (
					"$(inherited)",
					"@executable_path/Frameworks",
					"@loader_path/Frameworks",
				);
				PRODUCT_BUNDLE_IDENTIFIER = "acuevas.Deep-Dungeons-of-DoomTests";
				PRODUCT_NAME = "$(TARGET_NAME)";
				SWIFT_VERSION = 4.2;
				TARGETED_DEVICE_FAMILY = "1,2";
				TEST_HOST = "$(BUILT_PRODUCTS_DIR)/Deep Dungeons of Doom.app/Deep Dungeons of Doom";
			};
			name = Debug;
		};
		FA02D5A8219F6FCF00DA7419 /* Release */ = {
			isa = XCBuildConfiguration;
			buildSettings = {
				ALWAYS_EMBED_SWIFT_STANDARD_LIBRARIES = YES;
				BUNDLE_LOADER = "$(TEST_HOST)";
				CODE_SIGN_STYLE = Automatic;
				INFOPLIST_FILE = "Deep Dungeons of DoomTests/Info.plist";
				LD_RUNPATH_SEARCH_PATHS = (
					"$(inherited)",
					"@executable_path/Frameworks",
					"@loader_path/Frameworks",
				);
				PRODUCT_BUNDLE_IDENTIFIER = "acuevas.Deep-Dungeons-of-DoomTests";
				PRODUCT_NAME = "$(TARGET_NAME)";
				SWIFT_VERSION = 4.2;
				TARGETED_DEVICE_FAMILY = "1,2";
				TEST_HOST = "$(BUILT_PRODUCTS_DIR)/Deep Dungeons of Doom.app/Deep Dungeons of Doom";
			};
			name = Release;
		};
		FA02D5AA219F6FCF00DA7419 /* Debug */ = {
			isa = XCBuildConfiguration;
			buildSettings = {
				ALWAYS_EMBED_SWIFT_STANDARD_LIBRARIES = YES;
				CODE_SIGN_STYLE = Automatic;
				INFOPLIST_FILE = "Deep Dungeons of DoomUITests/Info.plist";
				LD_RUNPATH_SEARCH_PATHS = (
					"$(inherited)",
					"@executable_path/Frameworks",
					"@loader_path/Frameworks",
				);
				PRODUCT_BUNDLE_IDENTIFIER = "acuevas.Deep-Dungeons-of-DoomUITests";
				PRODUCT_NAME = "$(TARGET_NAME)";
				SWIFT_VERSION = 4.2;
				TARGETED_DEVICE_FAMILY = "1,2";
				TEST_TARGET_NAME = "Deep Dungeons of Doom";
			};
			name = Debug;
		};
		FA02D5AB219F6FCF00DA7419 /* Release */ = {
			isa = XCBuildConfiguration;
			buildSettings = {
				ALWAYS_EMBED_SWIFT_STANDARD_LIBRARIES = YES;
				CODE_SIGN_STYLE = Automatic;
				INFOPLIST_FILE = "Deep Dungeons of DoomUITests/Info.plist";
				LD_RUNPATH_SEARCH_PATHS = (
					"$(inherited)",
					"@executable_path/Frameworks",
					"@loader_path/Frameworks",
				);
				PRODUCT_BUNDLE_IDENTIFIER = "acuevas.Deep-Dungeons-of-DoomUITests";
				PRODUCT_NAME = "$(TARGET_NAME)";
				SWIFT_VERSION = 4.2;
				TARGETED_DEVICE_FAMILY = "1,2";
				TEST_TARGET_NAME = "Deep Dungeons of Doom";
			};
			name = Release;
		};
/* End XCBuildConfiguration section */

/* Begin XCConfigurationList section */
		FA02D576219F6FCC00DA7419 /* Build configuration list for PBXProject "Deep Dungeons of Doom" */ = {
			isa = XCConfigurationList;
			buildConfigurations = (
				FA02D5A1219F6FCF00DA7419 /* Debug */,
				FA02D5A2219F6FCF00DA7419 /* Release */,
			);
			defaultConfigurationIsVisible = 0;
			defaultConfigurationName = Release;
		};
		FA02D5A3219F6FCF00DA7419 /* Build configuration list for PBXNativeTarget "Deep Dungeons of Doom" */ = {
			isa = XCConfigurationList;
			buildConfigurations = (
				FA02D5A4219F6FCF00DA7419 /* Debug */,
				FA02D5A5219F6FCF00DA7419 /* Release */,
			);
			defaultConfigurationIsVisible = 0;
			defaultConfigurationName = Release;
		};
		FA02D5A6219F6FCF00DA7419 /* Build configuration list for PBXNativeTarget "Deep Dungeons of DoomTests" */ = {
			isa = XCConfigurationList;
			buildConfigurations = (
				FA02D5A7219F6FCF00DA7419 /* Debug */,
				FA02D5A8219F6FCF00DA7419 /* Release */,
			);
			defaultConfigurationIsVisible = 0;
			defaultConfigurationName = Release;
		};
		FA02D5A9219F6FCF00DA7419 /* Build configuration list for PBXNativeTarget "Deep Dungeons of DoomUITests" */ = {
			isa = XCConfigurationList;
			buildConfigurations = (
				FA02D5AA219F6FCF00DA7419 /* Debug */,
				FA02D5AB219F6FCF00DA7419 /* Release */,
			);
			defaultConfigurationIsVisible = 0;
			defaultConfigurationName = Release;
		};
/* End XCConfigurationList section */
	};
	rootObject = FA02D573219F6FCC00DA7419 /* Project object */;
}
